
Microsoft Visual Studio Solution File, Format Version 12.00
# Visual Studio 15
VisualStudioVersion = 15.0.28307.539
MinimumVisualStudioVersion = 10.0.40219.1
Project("{FAE04EC0-301F-11D3-BF4B-00C04F79EFBC}") = "Kowalska_Miskiewicz04_01", "Kowalska_Miskiewicz04_01\Kowalska_Miskiewicz04_01.csproj", "{4E7E7EFC-6F0C-44A1-967E-EC33ABCF5CD9}"
EndProject
Global
	GlobalSection(SolutionConfigurationPlatforms) = preSolution
		Debug|Any CPU = Debug|Any CPU
		Release|Any CPU = Release|Any CPU
	EndGlobalSection
	GlobalSection(ProjectConfigurationPlatforms) = postSolution
		{4E7E7EFC-6F0C-44A1-967E-EC33ABCF5CD9}.Debug|Any CPU.ActiveCfg = Debug|Any CPU
		{4E7E7EFC-6F0C-44A1-967E-EC33ABCF5CD9}.Debug|Any CPU.Build.0 = Debug|Any CPU
		{4E7E7EFC-6F0C-44A1-967E-EC33ABCF5CD9}.Release|Any CPU.ActiveCfg = Release|Any CPU
		{4E7E7EFC-6F0C-44A1-967E-EC33ABCF5CD9}.Release|Any CPU.Build.0 = Release|Any CPU
	EndGlobalSection
	GlobalSection(SolutionProperties) = preSolution
		HideSolutionNode = FALSE
	EndGlobalSection
	GlobalSection(ExtensibilityGlobals) = postSolution
		SolutionGuid = {0BEFD028-11E4-46A5-9DDA-2FD77E61FCF0}
	EndGlobalSection
EndGlobal
